
Microsoft Visual Studio Solution File, Format Version 12.00
# Visual Studio Version 17
VisualStudioVersion = 17.12.35514.174 d17.12
MinimumVisualStudioVersion = 10.0.40219.1
Project("{FAE04EC0-301F-11D3-BF4B-00C04F79EFBC}") = "DotnetPractice", "DotnetPractice\DotnetPractice.csproj", "{12B17697-7EC1-4E32-8721-3C5D1AB2DAB1}"
EndProject
Global
	GlobalSection(SolutionConfigurationPlatforms) = preSolution
		Debug|Any CPU = Debug|Any CPU
		Release|Any CPU = Release|Any CPU
	EndGlobalSection
	GlobalSection(ProjectConfigurationPlatforms) = postSolution
		{12B17697-7EC1-4E32-8721-3C5D1AB2DAB1}.Debug|Any CPU.ActiveCfg = Debug|Any CPU
		{12B17697-7EC1-4E32-8721-3C5D1AB2DAB1}.Debug|Any CPU.Build.0 = Debug|Any CPU
		{12B17697-7EC1-4E32-8721-3C5D1AB2DAB1}.Release|Any CPU.ActiveCfg = Release|Any CPU
		{12B17697-7EC1-4E32-8721-3C5D1AB2DAB1}.Release|Any CPU.Build.0 = Release|Any CPU
	EndGlobalSection
	GlobalSection(SolutionProperties) = preSolution
		HideSolutionNode = FALSE
	EndGlobalSection
EndGlobal
